{
  "name": "@noeis/noeis-cli",
  "version": "0.1.1",
  "lockfileVersion": 3,
  "requires": true,
  "packages": {
    "": {
      "name": "@noeis/noeis-cli",
      "version": "0.1.1",
      "license": "ISC",
      "dependencies": {
        "@noeis/wiki-mcp": "^0.1.0"
      },
      "bin": {
        "noeis": "bin/noeis"
      },
      "engines": {
        "node": ">=18.17"
      }
    },
    "../wiki-mcp": {
      "name": "@noeis/wiki-mcp",
      "version": "0.1.0",
      "license": "ISC",
      "dependencies": {
        "@modelcontextprotocol/sdk": "^1.29.0",
        "zod": "^3.25.76"
      },
      "bin": {
        "noeis-wiki-mcp": "bin/noeis-wiki-mcp"
      },
      "engines": {
        "node": ">=18.17"
      }
    },
    "node_modules/@noeis/wiki-mcp": {
      "resolved": "../wiki-mcp",
      "link": true
    }
  }
}
